
Microsoft Visual Studio Solution File, Format Version 12.00
# Visual Studio 15
VisualStudioVersion = 15.0.27428.1
MinimumVisualStudioVersion = 10.0.40219.1
Project("{FAE04EC0-301F-11D3-BF4B-00C04F79EFBC}") = "Folio1MvcTest", "Folio1MvcTest\Folio1MvcTest.csproj", "{395C95F4-8DE3-4B4E-8319-2FC592150C2C}"
EndProject
Project("{FAE04EC0-301F-11D3-BF4B-00C04F79EFBC}") = "Database", "Database\Database.csproj", "{34151FFB-28EC-416C-BE09-056D9D52572B}"
EndProject
Global
	GlobalSection(SolutionConfigurationPlatforms) = preSolution
		Debug|Any CPU = Debug|Any CPU
		Release|Any CPU = Release|Any CPU
	EndGlobalSection
	GlobalSection(ProjectConfigurationPlatforms) = postSolution
		{395C95F4-8DE3-4B4E-8319-2FC592150C2C}.Debug|Any CPU.ActiveCfg = Debug|Any CPU
		{395C95F4-8DE3-4B4E-8319-2FC592150C2C}.Debug|Any CPU.Build.0 = Debug|Any CPU
		{395C95F4-8DE3-4B4E-8319-2FC592150C2C}.Release|Any CPU.ActiveCfg = Release|Any CPU
		{395C95F4-8DE3-4B4E-8319-2FC592150C2C}.Release|Any CPU.Build.0 = Release|Any CPU
		{34151FFB-28EC-416C-BE09-056D9D52572B}.Debug|Any CPU.ActiveCfg = Debug|Any CPU
		{34151FFB-28EC-416C-BE09-056D9D52572B}.Debug|Any CPU.Build.0 = Debug|Any CPU
		{34151FFB-28EC-416C-BE09-056D9D52572B}.Release|Any CPU.ActiveCfg = Release|Any CPU
		{34151FFB-28EC-416C-BE09-056D9D52572B}.Release|Any CPU.Build.0 = Release|Any CPU
	EndGlobalSection
	GlobalSection(SolutionProperties) = preSolution
		HideSolutionNode = FALSE
	EndGlobalSection
	GlobalSection(ExtensibilityGlobals) = postSolution
		SolutionGuid = {14A14B57-82F9-495B-99F1-C863DD5F7313}
	EndGlobalSection
EndGlobal
